schema: '2.0'
stages:
  ingest:
    cmd: python -m milk_adulteration.data.ingest
    deps:
    - path: src/milk_adulteration/data/ingest.py
      hash: md5
      md5: 1867665fd6fa1a9fa05a41b97d08d8f3
      size: 1807
    params:
      params.yaml:
        ingest:
          url: 
            https://raw.githubusercontent.com/ommadav/Indian-Milk-Adulteration-Detection-Dataset/main/milk_combined_full_dataset.csv
          sha256: 
            7186d94e39e281863f3698f89610e7f3fd6ed4318f9fb9b85e06e24d724dfc18
          output: data/raw/milk_combined_full_dataset.csv
    outs:
    - path: data/raw/milk_combined_full_dataset.csv
      hash: md5
      md5: 3ea13779ff22d83b7fc133af880e06e8
      size: 16599475
  validate:
    cmd: python -m milk_adulteration.data.validate
    deps:
    - path: data/raw/milk_combined_full_dataset.csv
      hash: md5
      md5: 3ea13779ff22d83b7fc133af880e06e8
      size: 16599475
    - path: src/milk_adulteration/config.py
      hash: md5
      md5: 36f36d13b4625ab80ae648ab3d925ea2
      size: 2199
    - path: src/milk_adulteration/data/schema.py
      hash: md5
      md5: 3206f6b9cc4f4e92fea43d7a1d5b822f
      size: 1949
    - path: src/milk_adulteration/data/validate.py
      hash: md5
      md5: 54ce220571a678dfb8c6e85e2c58fceb
      size: 4060
    params:
      params.yaml:
        validate:
          input: data/raw/milk_combined_full_dataset.csv
          output: data/interim/milk_clean.csv
          rejected: data/interim/milk_rejected.csv
    outs:
    - path: data/interim/milk_clean.csv
      hash: md5
      md5: 29a13b4902a2a4f84a75c33fd0dabd50
      size: 265322
    - path: data/interim/milk_rejected.csv
      hash: md5
      md5: 9b17e784c7f72940cb5eaadbd4afee8e
      size: 154
  eda:
    cmd: python -m milk_adulteration.eda
    deps:
    - path: data/interim/milk_clean.csv
      hash: md5
      md5: 29a13b4902a2a4f84a75c33fd0dabd50
      size: 265322
    - path: src/milk_adulteration/eda.py
      hash: md5
      md5: 555d12c8dfc66374c65cab34fa41ab3f
      size: 3920
    params:
      params.yaml:
        eda:
          input: data/interim/milk_clean.csv
          report: reports/eda.md
          metrics: reports/eda_summary.json
    outs:
    - path: reports/eda.md
      hash: md5
      md5: ba526f164c99c9c21954266c972caab5
      size: 2509
    - path: reports/eda_summary.json
      hash: md5
      md5: f02c2d7242534dc107c19dde1d1f17a8
      size: 274
  split:
    cmd: python -m milk_adulteration.data.split
    deps:
    - path: data/interim/milk_clean.csv
      hash: md5
      md5: 29a13b4902a2a4f84a75c33fd0dabd50
      size: 265322
    - path: src/milk_adulteration/data/split.py
      hash: md5
      md5: 05bebfa6bd2903da48fbee90de947459
      size: 1544
    params:
      params.yaml:
        split:
          input: data/interim/milk_clean.csv
          output_dir: data/processed
          seed: 42
          val_size: 0.15
          test_size: 0.15
    outs:
    - path: data/processed/test.csv
      hash: md5
      md5: e0acdacf0dbc275892a55f9b1e75b0ba
      size: 40005
    - path: data/processed/train.csv
      hash: md5
      md5: aa214d2eac093bc5cae4f9b25d75abbf
      size: 185698
    - path: data/processed/val.csv
      hash: md5
      md5: 31b96085cf085723e847a4da08fe452f
      size: 39899
  baselines:
    cmd: python -m milk_adulteration.models.baselines
    deps:
    - path: data/processed/test.csv
      hash: md5
      md5: e0acdacf0dbc275892a55f9b1e75b0ba
      size: 40005
    - path: data/processed/train.csv
      hash: md5
      md5: aa214d2eac093bc5cae4f9b25d75abbf
      size: 185698
    - path: data/processed/val.csv
      hash: md5
      md5: 31b96085cf085723e847a4da08fe452f
      size: 39899
    - path: src/milk_adulteration/evaluation.py
      hash: md5
      md5: 8c13a355c9b3949bd00c0d576848a5ab
      size: 3469
    - path: src/milk_adulteration/features.py
      hash: md5
      md5: cdfa2b278899211f0d213df17b6a42f3
      size: 1200
    - path: src/milk_adulteration/models/baselines.py
      hash: md5
      md5: 355e45d1d2b3dc94932d361ed8e688c2
      size: 13293
    - path: src/milk_adulteration/models/rules.py
      hash: md5
      md5: 9b94baccfb9377b25274623a689887ba
      size: 1716
    params:
      params.yaml:
        baselines:
          seed: 42
          target_recall: 0.95
          bootstrap_rounds: 1000
          stage2_cv_folds: 5
          stage2_cv_repeats: 5
          report: reports/baselines.md
          metrics: reports/baselines.json
          mlflow:
            tracking_uri: sqlite:///mlflow.db
            experiment: baselines
          logreg:
            C: 1.0
            max_iter: 2000
          random_forest:
            n_estimators: 500
            min_samples_leaf: 1
    outs:
    - path: reports/baselines.json
      hash: md5
      md5: e60b30a7c4f83e1056c64a26c81a0061
      size: 12878
    - path: reports/baselines.md
      hash: md5
      md5: b38e27f986eae838931cb1462f182c1e
      size: 2607
  augment:
    cmd: python -m milk_adulteration.data.augment
    deps:
    - path: data/processed/train.csv
      hash: md5
      md5: aa214d2eac093bc5cae4f9b25d75abbf
      size: 185698
    - path: src/milk_adulteration/data/augment.py
      hash: md5
      md5: 876f609fb4cf278bf7d5399c6ca26dbd
      size: 5218
    params:
      params.yaml:
        augment:
          input: data/processed/train.csv
          output: data/processed/train_aug.csv
          seed: 42
          target_per_class: 300
          dose_range:
          - 0.5
          - 1.5
          combos:
          - - water
            - starch
          - - water
            - urea
          rows_per_combo: 150
    outs:
    - path: data/processed/train_aug.csv
      hash: md5
      md5: 36ff1dccf49df5f5dbcf01c8dd359477
      size: 743599
  train:
    cmd: python -m milk_adulteration.models.train
    deps:
    - path: data/processed/train.csv
      hash: md5
      md5: aa214d2eac093bc5cae4f9b25d75abbf
      size: 185698
    - path: data/processed/train_aug.csv
      hash: md5
      md5: 36ff1dccf49df5f5dbcf01c8dd359477
      size: 743599
    - path: data/processed/val.csv
      hash: md5
      md5: 31b96085cf085723e847a4da08fe452f
      size: 39899
    - path: src/milk_adulteration/data/augment.py
      hash: md5
      md5: 876f609fb4cf278bf7d5399c6ca26dbd
      size: 5218
    - path: src/milk_adulteration/evaluation.py
      hash: md5
      md5: 8c13a355c9b3949bd00c0d576848a5ab
      size: 3469
    - path: src/milk_adulteration/features.py
      hash: md5
      md5: cdfa2b278899211f0d213df17b6a42f3
      size: 1200
    - path: src/milk_adulteration/models/cascade.py
      hash: md5
      md5: 63aecd7b2be049a873b5606e7162eb81
      size: 3055
    - path: src/milk_adulteration/models/train.py
      hash: md5
      md5: 2ed665d79d0be951f80a48ffc444670a
      size: 10729
    params:
      params.yaml:
        augment:
          input: data/processed/train.csv
          output: data/processed/train_aug.csv
          seed: 42
          target_per_class: 300
          dose_range:
          - 0.5
          - 1.5
          combos:
          - - water
            - starch
          - - water
            - urea
          rows_per_combo: 150
        train:
          seed: 42
          cv_folds: 5
          n_trials_stage1: 30
          n_trials_stage2: 30
          stage1_exclude_other: true
          target_recall: 0.95
          reject_risk: 0.5
          model: models/cascade.joblib
          cv_report: reports/train_cv.json
          mlflow:
            tracking_uri: sqlite:///mlflow.db
            experiment: cascade
    outs:
    - path: models/cascade.joblib
      hash: md5
      md5: b5fe5e132e7cdcafe6237b0f3425aeea
      size: 2555466
    - path: reports/train_cv.json
      hash: md5
      md5: 384f4592da71995187107008ae428e91
      size: 854
  evaluate:
    cmd: python -m milk_adulteration.models.evaluate
    deps:
    - path: data/processed/test.csv
      hash: md5
      md5: e0acdacf0dbc275892a55f9b1e75b0ba
      size: 40005
    - path: models/cascade.joblib
      hash: md5
      md5: b5fe5e132e7cdcafe6237b0f3425aeea
      size: 2555466
    - path: reports/baselines.json
      hash: md5
      md5: e60b30a7c4f83e1056c64a26c81a0061
      size: 12878
    - path: reports/train_cv.json
      hash: md5
      md5: 384f4592da71995187107008ae428e91
      size: 854
    - path: src/milk_adulteration/models/cascade.py
      hash: md5
      md5: 63aecd7b2be049a873b5606e7162eb81
      size: 3055
    - path: src/milk_adulteration/models/evaluate.py
      hash: md5
      md5: 5e3d23e3462bac79422d34ff847af7af
      size: 11754
    params:
      params.yaml:
        evaluate:
          bootstrap_rounds: 1000
          report: reports/model.md
          metrics: reports/model_metrics.json
    outs:
    - path: reports/model.md
      hash: md5
      md5: 80c07e2cacd1085edac7733dbfb7915c
      size: 4203
    - path: reports/model_metrics.json
      hash: md5
      md5: 6a8fd425df368201f1328c20671cb662
      size: 1266
  promote:
    cmd: python -m milk_adulteration.models.promote
    deps:
    - path: models/cascade.joblib
      hash: md5
      md5: b5fe5e132e7cdcafe6237b0f3425aeea
      size: 2555466
    - path: reports/model_metrics.json
      hash: md5
      md5: 6a8fd425df368201f1328c20671cb662
      size: 1266
    - path: src/milk_adulteration/models/promote.py
      hash: md5
      md5: 1e127d3503af1707a3c2bdc48c25be18
      size: 5083
    params:
      params.yaml:
        promote:
          registered_model: milk-adulteration-cascade
          alias: production
          min_recall: 0.95
          min_precision: 0.8
          model_info: models/model_info.json
          report: reports/promotion.json
    outs:
    - path: models/model_info.json
      hash: md5
      md5: f1c0540f8924bd563c206eb0db739565
      size: 883
    - path: reports/promotion.json
      hash: md5
      md5: ed976b1ce044812020184de4bff396ea
      size: 231
